{
  "nodes": {
    "nix-systems": {
      "locked": {
        "lastModified": 1681028828,
        "narHash": "sha256-Vy1rq5AaRuLzOxct8nz4T6wlgyUR7zLU309k9mBC768=",
        "owner": "nix-systems",
        "repo": "default",
        "rev": "da67096a3b9bf56a91d16901293e51ba5b49a27e",
        "type": "github"
      },
      "original": {
        "owner": "nix-systems",
        "repo": "default",
        "type": "github"
      }
    },
    "nixpkgs": {
      "locked": {
        "lastModified": 1748353928,
        "narHash": "sha256-Wqws25VekSYzzPz7Q94T6LYl70QcKJ1bXlF6BN19OfA=",
        "owner": "NixOS",
        "repo": "nixpkgs",
        "rev": "1f18ac0a2e6a2d44f00eeff7688db31bca228d45",
        "type": "github"
      },
      "original": {
        "owner": "NixOS",
        "repo": "nixpkgs",
        "type": "github"
      }
    },
    "root": {
      "inputs": {
        "nixpkgs": "nixpkgs",
        "utils": "utils"
      }
    },
    "utils": {
      "inputs": {
        "nix-systems": "nix-systems",
        "nixpkgs": [
          "nixpkgs"
        ]
      },
      "locked": {
        "lastModified": 1748353578,
        "narHash": "sha256-8A8FRUI+InQgBQrq7KQn3s+98Yf9RGMSiXC88v6bxio=",
        "owner": "NewDawn0",
        "repo": "nixUtils",
        "rev": "854dcc14fea11c21afe0a6a608d426582771ef06",
        "type": "github"
      },
      "original": {
        "owner": "NewDawn0",
        "repo": "nixUtils",
        "type": "github"
      }
    }
  },
  "root": "root",
  "version": 7
}
